PODS:
  - Alamofire (4.9.1)
  - Differentiator (3.1.0)
  - Moya/Core (13.0.1):
    - Alamofire (~> 4.1)
    - Result (~> 4.1)
  - Moya/RxSwift (13.0.1):
    - Moya/Core
    - RxSwift (~> 4.0)
  - Result (4.1.0)
  - RxCocoa (4.5.0):
    - RxSwift (>= 4.4.2, ~> 4.4)
  - RxDataSources (3.1.0):
    - Differentiator (~> 3.0)
    - RxCocoa (~> 4.0)
    - RxSwift (~> 4.0)
  - RxOptional (3.1.3):
    - RxCocoa
    - RxSwift
  - RxSwift (4.5.0)
  - SDWebImage (5.4.0):
    - SDWebImage/Core (= 5.4.0)
  - SDWebImage/Core (5.4.0)
  - SnapKit (5.0.1)

DEPENDENCIES:
  - Moya/RxSwift (~> 13.0)
  - RxCocoa (~> 4.0)
  - RxDataSources (~> 3.0)
  - RxOptional (~> 3.1.3)
  - RxSwift (~> 4.0)
  - SDWebImage (~> 5.0)
  - SnapKit

SPEC REPOS:
  trunk:
    - Alamofire
    - Differentiator
    - Moya
    - Result
    - RxCocoa
    - RxDataSources
    - RxOptional
    - RxSwift
    - SDWebImage
    - SnapKit

SPEC CHECKSUMS:
  Alamofire: 85e8a02c69d6020a0d734f6054870d7ecb75cf18
  Differentiator: be49ca3408f0ecfc761e4c7763d20c62be01b9ad
  Moya: f4a4b80ff2f8a4ffc208dfb31cd91636622fee6e
  Result: bd966fac789cc6c1563440b348ab2598cc24d5c7
  RxCocoa: cbf70265dc65a981d4ac982e513c10cf23df24a0
  RxDataSources: a843bad90c29817f5923ec8163f4af2de084ceb3
  RxOptional: b97b59183af80d1e729ac9e51d09a10be668d6a8
  RxSwift: f172070dfd1a93d70a9ab97a5a01166206e1c575
  SDWebImage: 5bf6aec6481ae2a062bdc59f9d6c1d1e552090e0
  SnapKit: 97b92857e3df3a0c71833cce143274bf6ef8e5eb

PODFILE CHECKSUM: d4cf9a212a523b1de8055b36f76af6a2063bc2d4

COCOAPODS: 1.8.4
